// !$*UTF8*$!
{
	archiveVersion = 1;
	classes = {
	};
	objectVersion = 56;
	objects = {

/* Begin PBXBuildFile section */
		6342F4D629A62F3900914967 /* AppDelegate.swift in Sources */ = {isa = PBXBuildFile; fileRef = 6342F4D529A62F3900914967 /* AppDelegate.swift */; };
		6342F4D829A62F3900914967 /* SceneDelegate.swift in Sources */ = {isa = PBXBuildFile; fileRef = 6342F4D729A62F3900914967 /* SceneDelegate.swift */; };
		6342F4DA29A62F3900914967 /* TabBarViewController.swift in Sources */ = {isa = PBXBuildFile; fileRef = 6342F4D929A62F3900914967 /* TabBarViewController.swift */; };
		6342F4DF29A62F3C00914967 /* Assets.xcassets in Resources */ = {isa = PBXBuildFile; fileRef = 6342F4DE29A62F3C00914967 /* Assets.xcassets */; };
		6342F4E229A62F3C00914967 /* LaunchScreen.storyboard in Resources */ = {isa = PBXBuildFile; fileRef = 6342F4E029A62F3C00914967 /* LaunchScreen.storyboard */; };
		6342F4ED29A6330B00914967 /* SearchViewController.swift in Sources */ = {isa = PBXBuildFile; fileRef = 6342F4EC29A6330B00914967 /* SearchViewController.swift */; };
		6342F4EF29A6331900914967 /* AddViewController.swift in Sources */ = {isa = PBXBuildFile; fileRef = 6342F4EE29A6331900914967 /* AddViewController.swift */; };
		6342F4F129A6332200914967 /* ReelsViewController.swift in Sources */ = {isa = PBXBuildFile; fileRef = 6342F4F029A6332200914967 /* ReelsViewController.swift */; };
		6342F4F329A6332C00914967 /* ProfileViewController.swift in Sources */ = {isa = PBXBuildFile; fileRef = 6342F4F229A6332C00914967 /* ProfileViewController.swift */; };
		6342F4F629A6504200914967 /* StorisCollectionViewCell.swift in Sources */ = {isa = PBXBuildFile; fileRef = 6342F4F529A6504200914967 /* StorisCollectionViewCell.swift */; };
		6342F4F829A6597400914967 /* LentaTableViewCell.swift in Sources */ = {isa = PBXBuildFile; fileRef = 6342F4F729A6597400914967 /* LentaTableViewCell.swift */; };
		6342F4FA29A65F8000914967 /* HomePageViewController.swift in Sources */ = {isa = PBXBuildFile; fileRef = 6342F4F929A65F8000914967 /* HomePageViewController.swift */; };
		6385570729A7878B008F205A /* APICaller.swift in Sources */ = {isa = PBXBuildFile; fileRef = 6385570629A7878B008F205A /* APICaller.swift */; };
		6385570A29A787A9008F205A /* GalleryModel.swift in Sources */ = {isa = PBXBuildFile; fileRef = 6385570929A787A9008F205A /* GalleryModel.swift */; };
		6385570C29A787B3008F205A /* GalleryData.swift in Sources */ = {isa = PBXBuildFile; fileRef = 6385570B29A787B3008F205A /* GalleryData.swift */; };
		6385570E29A78860008F205A /* Constants.swift in Sources */ = {isa = PBXBuildFile; fileRef = 6385570D29A78860008F205A /* Constants.swift */; };
		6385571029A7889A008F205A /* GalleryCollectionViewCell.swift in Sources */ = {isa = PBXBuildFile; fileRef = 6385570F29A7889A008F205A /* GalleryCollectionViewCell.swift */; };
		FB642790C62F663A7DCC0BCF /* Pods_InstagramApp.framework in Frameworks */ = {isa = PBXBuildFile; fileRef = C3508827F2348467FD9B62C3 /* Pods_InstagramApp.framework */; };
/* End PBXBuildFile section */

/* Begin PBXFileReference section */
		451EFC0A0CE7797AC24975DA /* Pods-InstagramApp.release.xcconfig */ = {isa = PBXFileReference; includeInIndex = 1; lastKnownFileType = text.xcconfig; name = "Pods-InstagramApp.release.xcconfig"; path = "Target Support Files/Pods-InstagramApp/Pods-InstagramApp.release.xcconfig"; sourceTree = "<group>"; };
		6342F4D229A62F3900914967 /* InstagramApp.app */ = {isa = PBXFileReference; explicitFileType = wrapper.application; includeInIndex = 0; path = InstagramApp.app; sourceTree = BUILT_PRODUCTS_DIR; };
		6342F4D529A62F3900914967 /* AppDelegate.swift */ = {isa = PBXFileReference; lastKnownFileType = sourcecode.swift; path = AppDelegate.swift; sourceTree = "<group>"; };
		6342F4D729A62F3900914967 /* SceneDelegate.swift */ = {isa = PBXFileReference; lastKnownFileType = sourcecode.swift; path = SceneDelegate.swift; sourceTree = "<group>"; };
		6342F4D929A62F3900914967 /* TabBarViewController.swift */ = {isa = PBXFileReference; lastKnownFileType = sourcecode.swift; path = TabBarViewController.swift; sourceTree = "<group>"; };
		6342F4DE29A62F3C00914967 /* Assets.xcassets */ = {isa = PBXFileReference; lastKnownFileType = folder.assetcatalog; path = Assets.xcassets; sourceTree = "<group>"; };
		6342F4E129A62F3C00914967 /* Base */ = {isa = PBXFileReference; lastKnownFileType = file.storyboard; name = Base; path = Base.lproj/LaunchScreen.storyboard; sourceTree = "<group>"; };
		6342F4E329A62F3C00914967 /* Info.plist */ = {isa = PBXFileReference; lastKnownFileType = text.plist.xml; path = Info.plist; sourceTree = "<group>"; };
		6342F4EC29A6330B00914967 /* SearchViewController.swift */ = {isa = PBXFileReference; lastKnownFileType = sourcecode.swift; path = SearchViewController.swift; sourceTree = "<group>"; };
		6342F4EE29A6331900914967 /* AddViewController.swift */ = {isa = PBXFileReference; lastKnownFileType = sourcecode.swift; path = AddViewController.swift; sourceTree = "<group>"; };
		6342F4F029A6332200914967 /* ReelsViewController.swift */ = {isa = PBXFileReference; lastKnownFileType = sourcecode.swift; path = ReelsViewController.swift; sourceTree = "<group>"; };
		6342F4F229A6332C00914967 /* ProfileViewController.swift */ = {isa = PBXFileReference; lastKnownFileType = sourcecode.swift; path = ProfileViewController.swift; sourceTree = "<group>"; };
		6342F4F529A6504200914967 /* StorisCollectionViewCell.swift */ = {isa = PBXFileReference; lastKnownFileType = sourcecode.swift; path = StorisCollectionViewCell.swift; sourceTree = "<group>"; };
		6342F4F729A6597400914967 /* LentaTableViewCell.swift */ = {isa = PBXFileReference; lastKnownFileType = sourcecode.swift; path = LentaTableViewCell.swift; sourceTree = "<group>"; };
		6342F4F929A65F8000914967 /* HomePageViewController.swift */ = {isa = PBXFileReference; lastKnownFileType = sourcecode.swift; path = HomePageViewController.swift; sourceTree = "<group>"; };
		6385570629A7878B008F205A /* APICaller.swift */ = {isa = PBXFileReference; lastKnownFileType = sourcecode.swift; path = APICaller.swift; sourceTree = "<group>"; };
		6385570929A787A9008F205A /* GalleryModel.swift */ = {isa = PBXFileReference; lastKnownFileType = sourcecode.swift; path = GalleryModel.swift; sourceTree = "<group>"; };
		6385570B29A787B3008F205A /* GalleryData.swift */ = {isa = PBXFileReference; lastKnownFileType = sourcecode.swift; path = GalleryData.swift; sourceTree = "<group>"; };
		6385570D29A78860008F205A /* Constants.swift */ = {isa = PBXFileReference; lastKnownFileType = sourcecode.swift; path = Constants.swift; sourceTree = "<group>"; };
		6385570F29A7889A008F205A /* GalleryCollectionViewCell.swift */ = {isa = PBXFileReference; lastKnownFileType = sourcecode.swift; path = GalleryCollectionViewCell.swift; sourceTree = "<group>"; };
		C3508827F2348467FD9B62C3 /* Pods_InstagramApp.framework */ = {isa = PBXFileReference; explicitFileType = wrapper.framework; includeInIndex = 0; path = Pods_InstagramApp.framework; sourceTree = BUILT_PRODUCTS_DIR; };
		C623DA213310BD6709EE2DE4 /* Pods-InstagramApp.debug.xcconfig */ = {isa = PBXFileReference; includeInIndex = 1; lastKnownFileType = text.xcconfig; name = "Pods-InstagramApp.debug.xcconfig"; path = "Target Support Files/Pods-InstagramApp/Pods-InstagramApp.debug.xcconfig"; sourceTree = "<group>"; };
/* End PBXFileReference section */

/* Begin PBXFrameworksBuildPhase section */
		6342F4CF29A62F3900914967 /* Frameworks */ = {
			isa = PBXFrameworksBuildPhase;
			buildActionMask = 2147483647;
			files = (
				FB642790C62F663A7DCC0BCF /* Pods_InstagramApp.framework in Frameworks */,
			);
			runOnlyForDeploymentPostprocessing = 0;
		};
/* End PBXFrameworksBuildPhase section */

/* Begin PBXGroup section */
		0B4BDB7A1F0AC27E9FF4A606 /* Frameworks */ = {
			isa = PBXGroup;
			children = (
				C3508827F2348467FD9B62C3 /* Pods_InstagramApp.framework */,
			);
			name = Frameworks;
			sourceTree = "<group>";
		};
		6342F4C929A62F3900914967 = {
			isa = PBXGroup;
			children = (
				6342F4D429A62F3900914967 /* InstagramApp */,
				6342F4D329A62F3900914967 /* Products */,
				B4F866AC1DB318C4C9F73A4F /* Pods */,
				0B4BDB7A1F0AC27E9FF4A606 /* Frameworks */,
			);
			sourceTree = "<group>";
		};
		6342F4D329A62F3900914967 /* Products */ = {
			isa = PBXGroup;
			children = (
				6342F4D229A62F3900914967 /* InstagramApp.app */,
			);
			name = Products;
			sourceTree = "<group>";
		};
		6342F4D429A62F3900914967 /* InstagramApp */ = {
			isa = PBXGroup;
			children = (
				6385570829A78794008F205A /* Models */,
				6342F4F429A6501A00914967 /* Views */,
				6342F4E929A6329C00914967 /* Controllers */,
				6342F4D529A62F3900914967 /* AppDelegate.swift */,
				6342F4D729A62F3900914967 /* SceneDelegate.swift */,
				6342F4D929A62F3900914967 /* TabBarViewController.swift */,
				6342F4DE29A62F3C00914967 /* Assets.xcassets */,
				6342F4E029A62F3C00914967 /* LaunchScreen.storyboard */,
				6342F4E329A62F3C00914967 /* Info.plist */,
				6385570D29A78860008F205A /* Constants.swift */,
			);
			path = InstagramApp;
			sourceTree = "<group>";
		};
		6342F4E929A6329C00914967 /* Controllers */ = {
			isa = PBXGroup;
			children = (
				6342F4F929A65F8000914967 /* HomePageViewController.swift */,
				6342F4EC29A6330B00914967 /* SearchViewController.swift */,
				6342F4EE29A6331900914967 /* AddViewController.swift */,
				6342F4F029A6332200914967 /* ReelsViewController.swift */,
				6342F4F229A6332C00914967 /* ProfileViewController.swift */,
			);
			path = Controllers;
			sourceTree = "<group>";
		};
		6342F4F429A6501A00914967 /* Views */ = {
			isa = PBXGroup;
			children = (
				6342F4F529A6504200914967 /* StorisCollectionViewCell.swift */,
				6342F4F729A6597400914967 /* LentaTableViewCell.swift */,
				6385570F29A7889A008F205A /* GalleryCollectionViewCell.swift */,
			);
			path = Views;
			sourceTree = "<group>";
		};
		6385570829A78794008F205A /* Models */ = {
			isa = PBXGroup;
			children = (
				6385570629A7878B008F205A /* APICaller.swift */,
				6385570929A787A9008F205A /* GalleryModel.swift */,
				6385570B29A787B3008F205A /* GalleryData.swift */,
			);
			path = Models;
			sourceTree = "<group>";
		};
		B4F866AC1DB318C4C9F73A4F /* Pods */ = {
			isa = PBXGroup;
			children = (
				C623DA213310BD6709EE2DE4 /* Pods-InstagramApp.debug.xcconfig */,
				451EFC0A0CE7797AC24975DA /* Pods-InstagramApp.release.xcconfig */,
			);
			path = Pods;
			sourceTree = "<group>";
		};
/* End PBXGroup section */

/* Begin PBXNativeTarget section */
		6342F4D129A62F3900914967 /* InstagramApp */ = {
			isa = PBXNativeTarget;
			buildConfigurationList = 6342F4E629A62F3C00914967 /* Build configuration list for PBXNativeTarget "InstagramApp" */;
			buildPhases = (
				268EAAB6FCA5673A015C35CA /* [CP] Check Pods Manifest.lock */,
				6342F4CE29A62F3900914967 /* Sources */,
				6342F4CF29A62F3900914967 /* Frameworks */,
				6342F4D029A62F3900914967 /* Resources */,
				FBAF3C5C88F3DDDF516BA27E /* [CP] Embed Pods Frameworks */,
			);
			buildRules = (
			);
			dependencies = (
			);
			name = InstagramApp;
			productName = InstagramApp;
			productReference = 6342F4D229A62F3900914967 /* InstagramApp.app */;
			productType = "com.apple.product-type.application";
		};
/* End PBXNativeTarget section */

/* Begin PBXProject section */
		6342F4CA29A62F3900914967 /* Project object */ = {
			isa = PBXProject;
			attributes = {
				BuildIndependentTargetsInParallel = 1;
				LastSwiftUpdateCheck = 1410;
				LastUpgradeCheck = 1410;
				TargetAttributes = {
					6342F4D129A62F3900914967 = {
						CreatedOnToolsVersion = 14.1;
					};
				};
			};
			buildConfigurationList = 6342F4CD29A62F3900914967 /* Build configuration list for PBXProject "InstagramApp" */;
			compatibilityVersion = "Xcode 14.0";
			developmentRegion = en;
			hasScannedForEncodings = 0;
			knownRegions = (
				en,
				Base,
			);
			mainGroup = 6342F4C929A62F3900914967;
			productRefGroup = 6342F4D329A62F3900914967 /* Products */;
			projectDirPath = "";
			projectRoot = "";
			targets = (
				6342F4D129A62F3900914967 /* InstagramApp */,
			);
		};
/* End PBXProject section */

/* Begin PBXResourcesBuildPhase section */
		6342F4D029A62F3900914967 /* Resources */ = {
			isa = PBXResourcesBuildPhase;
			buildActionMask = 2147483647;
			files = (
				6342F4E229A62F3C00914967 /* LaunchScreen.storyboard in Resources */,
				6342F4DF29A62F3C00914967 /* Assets.xcassets in Resources */,
			);
			runOnlyForDeploymentPostprocessing = 0;
		};
/* End PBXResourcesBuildPhase section */

/* Begin PBXShellScriptBuildPhase section */
		268EAAB6FCA5673A015C35CA /* [CP] Check Pods Manifest.lock */ = {
			isa = PBXShellScriptBuildPhase;
			buildActionMask = 2147483647;
			files = (
			);
			inputFileListPaths = (
			);
			inputPaths = (
				"${PODS_PODFILE_DIR_PATH}/Podfile.lock",
				"${PODS_ROOT}/Manifest.lock",
			);
			name = "[CP] Check Pods Manifest.lock";
			outputFileListPaths = (
			);
			outputPaths = (
				"$(DERIVED_FILE_DIR)/Pods-InstagramApp-checkManifestLockResult.txt",
			);
			runOnlyForDeploymentPostprocessing = 0;
			shellPath = /bin/sh;
			shellScript = "diff \"${PODS_PODFILE_DIR_PATH}/Podfile.lock\" \"${PODS_ROOT}/Manifest.lock\" > /dev/null\nif [ $? != 0 ] ; then\n    # print error to STDERR\n    echo \"error: The sandbox is not in sync with the Podfile.lock. Run 'pod install' or update your CocoaPods installation.\" >&2\n    exit 1\nfi\n# This output is used by Xcode 'outputs' to avoid re-running this script phase.\necho \"SUCCESS\" > \"${SCRIPT_OUTPUT_FILE_0}\"\n";
			showEnvVarsInLog = 0;
		};
		FBAF3C5C88F3DDDF516BA27E /* [CP] Embed Pods Frameworks */ = {
			isa = PBXShellScriptBuildPhase;
			buildActionMask = 2147483647;
			files = (
			);
			inputFileListPaths = (
				"${PODS_ROOT}/Target Support Files/Pods-InstagramApp/Pods-InstagramApp-frameworks-${CONFIGURATION}-input-files.xcfilelist",
			);
			name = "[CP] Embed Pods Frameworks";
			outputFileListPaths = (
				"${PODS_ROOT}/Target Support Files/Pods-InstagramApp/Pods-InstagramApp-frameworks-${CONFIGURATION}-output-files.xcfilelist",
			);
			runOnlyForDeploymentPostprocessing = 0;
			shellPath = /bin/sh;
			shellScript = "\"${PODS_ROOT}/Target Support Files/Pods-InstagramApp/Pods-InstagramApp-frameworks.sh\"\n";
			showEnvVarsInLog = 0;
		};
/* End PBXShellScriptBuildPhase section */

/* Begin PBXSourcesBuildPhase section */
		6342F4CE29A62F3900914967 /* Sources */ = {
			isa = PBXSourcesBuildPhase;
			buildActionMask = 2147483647;
			files = (
				6342F4F829A6597400914967 /* LentaTableViewCell.swift in Sources */,
				6385571029A7889A008F205A /* GalleryCollectionViewCell.swift in Sources */,
				6342F4F629A6504200914967 /* StorisCollectionViewCell.swift in Sources */,
				6342F4ED29A6330B00914967 /* SearchViewController.swift in Sources */,
				6342F4DA29A62F3900914967 /* TabBarViewController.swift in Sources */,
				6342F4EF29A6331900914967 /* AddViewController.swift in Sources */,
				6342F4D629A62F3900914967 /* AppDelegate.swift in Sources */,
				6342F4F129A6332200914967 /* ReelsViewController.swift in Sources */,
				6342F4FA29A65F8000914967 /* HomePageViewController.swift in Sources */,
				6385570729A7878B008F205A /* APICaller.swift in Sources */,
				6342F4D829A62F3900914967 /* SceneDelegate.swift in Sources */,
				6385570A29A787A9008F205A /* GalleryModel.swift in Sources */,
				6385570E29A78860008F205A /* Constants.swift in Sources */,
				6385570C29A787B3008F205A /* GalleryData.swift in Sources */,
				6342F4F329A6332C00914967 /* ProfileViewController.swift in Sources */,
			);
			runOnlyForDeploymentPostprocessing = 0;
		};
/* End PBXSourcesBuildPhase section */

/* Begin PBXVariantGroup section */
		6342F4E029A62F3C00914967 /* LaunchScreen.storyboard */ = {
			isa = PBXVariantGroup;
			children = (
				6342F4E129A62F3C00914967 /* Base */,
			);
			name = LaunchScreen.storyboard;
			sourceTree = "<group>";
		};
/* End PBXVariantGroup section */

/* Begin XCBuildConfiguration section */
		6342F4E429A62F3C00914967 /* Debug */ = {
			isa = XCBuildConfiguration;
			buildSettings = {
				ALWAYS_SEARCH_USER_PATHS = NO;
				CLANG_ANALYZER_NONNULL = YES;
				CLANG_ANALYZER_NUMBER_OBJECT_CONVERSION = YES_AGGRESSIVE;
				CLANG_CXX_LANGUAGE_STANDARD = "gnu++20";
				CLANG_ENABLE_MODULES = YES;
				CLANG_ENABLE_OBJC_ARC = YES;
				CLANG_ENABLE_OBJC_WEAK = YES;
				CLANG_WARN_BLOCK_CAPTURE_AUTORELEASING = YES;
				CLANG_WARN_BOOL_CONVERSION = YES;
				CLANG_WARN_COMMA = YES;
				CLANG_WARN_CONSTANT_CONVERSION = YES;
				CLANG_WARN_DEPRECATED_OBJC_IMPLEMENTATIONS = YES;
				CLANG_WARN_DIRECT_OBJC_ISA_USAGE = YES_ERROR;
				CLANG_WARN_DOCUMENTATION_COMMENTS = YES;
				CLANG_WARN_EMPTY_BODY = YES;
				CLANG_WARN_ENUM_CONVERSION = YES;
				CLANG_WARN_INFINITE_RECURSION = YES;
				CLANG_WARN_INT_CONVERSION = YES;
				CLANG_WARN_NON_LITERAL_NULL_CONVERSION = YES;
				CLANG_WARN_OBJC_IMPLICIT_RETAIN_SELF = YES;
				CLANG_WARN_OBJC_LITERAL_CONVERSION = YES;
				CLANG_WARN_OBJC_ROOT_CLASS = YES_ERROR;
				CLANG_WARN_QUOTED_INCLUDE_IN_FRAMEWORK_HEADER = YES;
				CLANG_WARN_RANGE_LOOP_ANALYSIS = YES;
				CLANG_WARN_STRICT_PROTOTYPES = YES;
				CLANG_WARN_SUSPICIOUS_MOVE = YES;
				CLANG_WARN_UNGUARDED_AVAILABILITY = YES_AGGRESSIVE;
				CLANG_WARN_UNREACHABLE_CODE = YES;
				CLANG_WARN__DUPLICATE_METHOD_MATCH = YES;
				COPY_PHASE_STRIP = NO;
				DEBUG_INFORMATION_FORMAT = dwarf;
				ENABLE_STRICT_OBJC_MSGSEND = YES;
				ENABLE_TESTABILITY = YES;
				GCC_C_LANGUAGE_STANDARD = gnu11;
				GCC_DYNAMIC_NO_PIC = NO;
				GCC_NO_COMMON_BLOCKS = YES;
				GCC_OPTIMIZATION_LEVEL = 0;
				GCC_PREPROCESSOR_DEFINITIONS = (
					"DEBUG=1",
					"$(inherited)",
				);
				GCC_WARN_64_TO_32_BIT_CONVERSION = YES;
				GCC_WARN_ABOUT_RETURN_TYPE = YES_ERROR;
				GCC_WARN_UNDECLARED_SELECTOR = YES;
				GCC_WARN_UNINITIALIZED_AUTOS = YES_AGGRESSIVE;
				GCC_WARN_UNUSED_FUNCTION = YES;
				GCC_WARN_UNUSED_VARIABLE = YES;
				IPHONEOS_DEPLOYMENT_TARGET = 16.1;
				MTL_ENABLE_DEBUG_INFO = INCLUDE_SOURCE;
				MTL_FAST_MATH = YES;
				ONLY_ACTIVE_ARCH = YES;
				SDKROOT = iphoneos;
				SWIFT_ACTIVE_COMPILATION_CONDITIONS = DEBUG;
				SWIFT_OPTIMIZATION_LEVEL = "-Onone";
			};
			name = Debug;
		};
		6342F4E529A62F3C00914967 /* Release */ = {
			isa = XCBuildConfiguration;
			buildSettings = {
				ALWAYS_SEARCH_USER_PATHS = NO;
				CLANG_ANALYZER_NONNULL = YES;
				CLANG_ANALYZER_NUMBER_OBJECT_CONVERSION = YES_AGGRESSIVE;
				CLANG_CXX_LANGUAGE_STANDARD = "gnu++20";
				CLANG_ENABLE_MODULES = YES;
				CLANG_ENABLE_OBJC_ARC = YES;
				CLANG_ENABLE_OBJC_WEAK = YES;
				CLANG_WARN_BLOCK_CAPTURE_AUTORELEASING = YES;
				CLANG_WARN_BOOL_CONVERSION = YES;
				CLANG_WARN_COMMA = YES;
				CLANG_WARN_CONSTANT_CONVERSION = YES;
				CLANG_WARN_DEPRECATED_OBJC_IMPLEMENTATIONS = YES;
				CLANG_WARN_DIRECT_OBJC_ISA_USAGE = YES_ERROR;
				CLANG_WARN_DOCUMENTATION_COMMENTS = YES;
				CLANG_WARN_EMPTY_BODY = YES;
				CLANG_WARN_ENUM_CONVERSION = YES;
				CLANG_WARN_INFINITE_RECURSION = YES;
				CLANG_WARN_INT_CONVERSION = YES;
				CLANG_WARN_NON_LITERAL_NULL_CONVERSION = YES;
				CLANG_WARN_OBJC_IMPLICIT_RETAIN_SELF = YES;
				CLANG_WARN_OBJC_LITERAL_CONVERSION = YES;
				CLANG_WARN_OBJC_ROOT_CLASS = YES_ERROR;
				CLANG_WARN_QUOTED_INCLUDE_IN_FRAMEWORK_HEADER = YES;
				CLANG_WARN_RANGE_LOOP_ANALYSIS = YES;
				CLANG_WARN_STRICT_PROTOTYPES = YES;
				CLANG_WARN_SUSPICIOUS_MOVE = YES;
				CLANG_WARN_UNGUARDED_AVAILABILITY = YES_AGGRESSIVE;
				CLANG_WARN_UNREACHABLE_CODE = YES;
				CLANG_WARN__DUPLICATE_METHOD_MATCH = YES;
				COPY_PHASE_STRIP = NO;
				DEBUG_INFORMATION_FORMAT = "dwarf-with-dsym";
				ENABLE_NS_ASSERTIONS = NO;
				ENABLE_STRICT_OBJC_MSGSEND = YES;
				GCC_C_LANGUAGE_STANDARD = gnu11;
				GCC_NO_COMMON_BLOCKS = YES;
				GCC_WARN_64_TO_32_BIT_CONVERSION = YES;
				GCC_WARN_ABOUT_RETURN_TYPE = YES_ERROR;
				GCC_WARN_UNDECLARED_SELECTOR = YES;
				GCC_WARN_UNINITIALIZED_AUTOS = YES_AGGRESSIVE;
				GCC_WARN_UNUSED_FUNCTION = YES;
				GCC_WARN_UNUSED_VARIABLE = YES;
				IPHONEOS_DEPLOYMENT_TARGET = 16.1;
				MTL_ENABLE_DEBUG_INFO = NO;
				MTL_FAST_MATH = YES;
				SDKROOT = iphoneos;
				SWIFT_COMPILATION_MODE = wholemodule;
				SWIFT_OPTIMIZATION_LEVEL = "-O";
				VALIDATE_PRODUCT = YES;
			};
			name = Release;
		};
		6342F4E729A62F3C00914967 /* Debug */ = {
			isa = XCBuildConfiguration;
			baseConfigurationReference = C623DA213310BD6709EE2DE4 /* Pods-InstagramApp.debug.xcconfig */;
			buildSettings = {
				ASSETCATALOG_COMPILER_APPICON_NAME = AppIcon;
				ASSETCATALOG_COMPILER_GLOBAL_ACCENT_COLOR_NAME = AccentColor;
				CODE_SIGN_STYLE = Automatic;
				CURRENT_PROJECT_VERSION = 1;
				DEVELOPMENT_TEAM = 6J4S5A9MH2;
				GENERATE_INFOPLIST_FILE = YES;
				INFOPLIST_FILE = InstagramApp/Info.plist;
				INFOPLIST_KEY_UIApplicationSupportsIndirectInputEvents = YES;
				INFOPLIST_KEY_UILaunchStoryboardName = LaunchScreen;
				INFOPLIST_KEY_UISupportedInterfaceOrientations_iPad = "UIInterfaceOrientationPortrait UIInterfaceOrientationPortraitUpsideDown UIInterfaceOrientationLandscapeLeft UIInterfaceOrientationLandscapeRight";
				INFOPLIST_KEY_UISupportedInterfaceOrientations_iPhone = "UIInterfaceOrientationPortrait UIInterfaceOrientationLandscapeLeft UIInterfaceOrientationLandscapeRight";
				LD_RUNPATH_SEARCH_PATHS = (
					"$(inherited)",
					"@executable_path/Frameworks",
				);
				MARKETING_VERSION = 1.0;
				PRODUCT_BUNDLE_IDENTIFIER = sdu.edu.160104029.InstagramApp;
				PRODUCT_NAME = "$(TARGET_NAME)";
				SWIFT_EMIT_LOC_STRINGS = YES;
				SWIFT_VERSION = 5.0;
				TARGETED_DEVICE_FAMILY = "1,2";
			};
			name = Debug;
		};
		6342F4E829A62F3C00914967 /* Release */ = {
			isa = XCBuildConfiguration;
			baseConfigurationReference = 451EFC0A0CE7797AC24975DA /* Pods-InstagramApp.release.xcconfig */;
			buildSettings = {
				ASSETCATALOG_COMPILER_APPICON_NAME = AppIcon;
				ASSETCATALOG_COMPILER_GLOBAL_ACCENT_COLOR_NAME = AccentColor;
				CODE_SIGN_STYLE = Automatic;
				CURRENT_PROJECT_VERSION = 1;
				DEVELOPMENT_TEAM = 6J4S5A9MH2;
				GENERATE_INFOPLIST_FILE = YES;
				INFOPLIST_FILE = InstagramApp/Info.plist;
				INFOPLIST_KEY_UIApplicationSupportsIndirectInputEvents = YES;
				INFOPLIST_KEY_UILaunchStoryboardName = LaunchScreen;
				INFOPLIST_KEY_UISupportedInterfaceOrientations_iPad = "UIInterfaceOrientationPortrait UIInterfaceOrientationPortraitUpsideDown UIInterfaceOrientationLandscapeLeft UIInterfaceOrientationLandscapeRight";
				INFOPLIST_KEY_UISupportedInterfaceOrientations_iPhone = "UIInterfaceOrientationPortrait UIInterfaceOrientationLandscapeLeft UIInterfaceOrientationLandscapeRight";
				LD_RUNPATH_SEARCH_PATHS = (
					"$(inherited)",
					"@executable_path/Frameworks",
				);
				MARKETING_VERSION = 1.0;
				PRODUCT_BUNDLE_IDENTIFIER = sdu.edu.160104029.InstagramApp;
				PRODUCT_NAME = "$(TARGET_NAME)";
				SWIFT_EMIT_LOC_STRINGS = YES;
				SWIFT_VERSION = 5.0;
				TARGETED_DEVICE_FAMILY = "1,2";
			};
			name = Release;
		};
/* End XCBuildConfiguration section */

/* Begin XCConfigurationList section */
		6342F4CD29A62F3900914967 /* Build configuration list for PBXProject "InstagramApp" */ = {
			isa = XCConfigurationList;
			buildConfigurations = (
				6342F4E429A62F3C00914967 /* Debug */,
				6342F4E529A62F3C00914967 /* Release */,
			);
			defaultConfigurationIsVisible = 0;
			defaultConfigurationName = Release;
		};
		6342F4E629A62F3C00914967 /* Build configuration list for PBXNativeTarget "InstagramApp" */ = {
			isa = XCConfigurationList;
			buildConfigurations = (
				6342F4E729A62F3C00914967 /* Debug */,
				6342F4E829A62F3C00914967 /* Release */,
			);
			defaultConfigurationIsVisible = 0;
			defaultConfigurationName = Release;
		};
/* End XCConfigurationList section */
	};
	rootObject = 6342F4CA29A62F3900914967 /* Project object */;
}
